Microsoft Visual Studio Solution File, Format Version 11.00
# Visual Studio 2010
Project("{8BC9CEB8-8B4A-11D0-8D11-00A0C91BC942}") = "Cursor_windows_vc10", "Cursor_windows_vc10.vcxproj", "{FB96CEBA-3756-B8E8-27C6-A44E66C3904E}"

EndProject
Global
	GlobalSection(ExtensibilityGlobals) = postSolution
	EndGlobalSection
	GlobalSection(ExtensibilityAddIns) = postSolution
	EndGlobalSection
	GlobalSection(SolutionConfigurationPlatforms) = preSolution
		x86 Debug|Win32 = x86 Debug|Win32
		x86 Release|Win32 = x86 Release|Win32
	EndGlobalSection
	GlobalSection(ProjectConfigurationPlatforms) = postSolution
		{FB96CEBA-3756-B8E8-27C6-A44E66C3904E}.x86 Debug|Win32.ActiveCfg = x86 Debug|Win32
		{FB96CEBA-3756-B8E8-27C6-A44E66C3904E}.x86 Debug|Win32.Build.0 = x86 Debug|Win32
		{FB96CEBA-3756-B8E8-27C6-A44E66C3904E}.x86 Release|Win32.ActiveCfg = x86 Release|Win32
		{FB96CEBA-3756-B8E8-27C6-A44E66C3904E}.x86 Release|Win32.Build.0 = x86 Release|Win32
	EndGlobalSection
	GlobalSection(SolutionProperties) = preSolution
		HideSolutionNode = FALSE
	EndGlobalSection
EndGlobal
